{
  "requires": true,
  "lockfileVersion": 1,
  "dependencies": {
    "oracledb": {
      "version": "4.1.0",
      "resolved": "https://registry.npmjs.org/oracledb/-/oracledb-4.1.0.tgz",
      "integrity": "sha512-DfiX40Pouu8IIFJacCwA0q79FjhNlEPvBTxmT1AArN46Bgq2nmF9yoMTshAKWj9fDxc1prWVs/lEhqvz5U5EuQ=="
    }
  }
}
